
Microsoft Visual Studio Solution File, Format Version 12.00
# Visual Studio Version 17
VisualStudioVersion = 17.9.34616.47
MinimumVisualStudioVersion = 10.0.40219.1
Project("{FAE04EC0-301F-11D3-BF4B-00C04F79EFBC}") = "C#ModellemeUygulamasi", "C#ModellemeUygulamasi\C#ModellemeUygulamasi.csproj", "{395402FA-DE3D-4F36-A61C-0FCCC414A2B5}"
EndProject
Global
	GlobalSection(SolutionConfigurationPlatforms) = preSolution
		Debug|Any CPU = Debug|Any CPU
		Release|Any CPU = Release|Any CPU
	EndGlobalSection
	GlobalSection(ProjectConfigurationPlatforms) = postSolution
		{395402FA-DE3D-4F36-A61C-0FCCC414A2B5}.Debug|Any CPU.ActiveCfg = Debug|Any CPU
		{395402FA-DE3D-4F36-A61C-0FCCC414A2B5}.Debug|Any CPU.Build.0 = Debug|Any CPU
		{395402FA-DE3D-4F36-A61C-0FCCC414A2B5}.Release|Any CPU.ActiveCfg = Release|Any CPU
		{395402FA-DE3D-4F36-A61C-0FCCC414A2B5}.Release|Any CPU.Build.0 = Release|Any CPU
	EndGlobalSection
	GlobalSection(SolutionProperties) = preSolution
		HideSolutionNode = FALSE
	EndGlobalSection
	GlobalSection(ExtensibilityGlobals) = postSolution
		SolutionGuid = {E7661260-7564-4A5D-9F6F-02DF35BBC144}
	EndGlobalSection
EndGlobal
